// !$*UTF8*$!
{
	archiveVersion = 1;
	classes = {
	};
	objectVersion = 46;
	objects = {

/* Begin PBXBuildFile section */
		98E9B9BB1B31C0F000366D58 /* main.m in Sources */ = {isa = PBXBuildFile; fileRef = 98E9B9BA1B31C0F000366D58 /* main.m */; };
		98E9B9BE1B31C0F000366D58 /* AppDelegate.m in Sources */ = {isa = PBXBuildFile; fileRef = 98E9B9BD1B31C0F000366D58 /* AppDelegate.m */; };
		98E9B9C11B31C0F000366D58 /* HomeViewController.m in Sources */ = {isa = PBXBuildFile; fileRef = 98E9B9C01B31C0F000366D58 /* HomeViewController.m */; };
		98E9B9C41B31C0F000366D58 /* Main.storyboard in Resources */ = {isa = PBXBuildFile; fileRef = 98E9B9C21B31C0F000366D58 /* Main.storyboard */; };
		98E9B9C61B31C0F000366D58 /* Images.xcassets in Resources */ = {isa = PBXBuildFile; fileRef = 98E9B9C51B31C0F000366D58 /* Images.xcassets */; };
		98E9B9C91B31C0F000366D58 /* LaunchScreen.xib in Resources */ = {isa = PBXBuildFile; fileRef = 98E9B9C71B31C0F000366D58 /* LaunchScreen.xib */; };
		98E9B9D51B31C0F000366D58 /* BirdTests.m in Sources */ = {isa = PBXBuildFile; fileRef = 98E9B9D41B31C0F000366D58 /* BirdTests.m */; };
/* End PBXBuildFile section */

/* Begin PBXContainerItemProxy section */
		98E9B9CF1B31C0F000366D58 /* PBXContainerItemProxy */ = {
			isa = PBXContainerItemProxy;
			containerPortal = 98E9B9AD1B31C0F000366D58 /* Project object */;
			proxyType = 1;
			remoteGlobalIDString = 98E9B9B41B31C0F000366D58;
			remoteInfo = Bird;
		};
/* End PBXContainerItemProxy section */

/* Begin PBXFileReference section */
		98E9B9B51B31C0F000366D58 /* Bird.app */ = {isa = PBXFileReference; explicitFileType = wrapper.application; includeInIndex = 0; path = Bird.app; sourceTree = BUILT_PRODUCTS_DIR; };
		98E9B9B91B31C0F000366D58 /* Info.plist */ = {isa = PBXFileReference; lastKnownFileType = text.plist.xml; path = Info.plist; sourceTree = "<group>"; };
		98E9B9BA1B31C0F000366D58 /* main.m */ = {isa = PBXFileReference; lastKnownFileType = sourcecode.c.objc; path = main.m; sourceTree = "<group>"; };
		98E9B9BC1B31C0F000366D58 /* AppDelegate.h */ = {isa = PBXFileReference; lastKnownFileType = sourcecode.c.h; path = AppDelegate.h; sourceTree = "<group>"; };
		98E9B9BD1B31C0F000366D58 /* AppDelegate.m */ = {isa = PBXFileReference; lastKnownFileType = sourcecode.c.objc; path = AppDelegate.m; sourceTree = "<group>"; };
		98E9B9BF1B31C0F000366D58 /* HomeViewController.h */ = {isa = PBXFileReference; lastKnownFileType = sourcecode.c.h; path = HomeViewController.h; sourceTree = "<group>"; };
		98E9B9C01B31C0F000366D58 /* HomeViewController.m */ = {isa = PBXFileReference; lastKnownFileType = sourcecode.c.objc; path = HomeViewController.m; sourceTree = "<group>"; };
		98E9B9C31B31C0F000366D58 /* Base */ = {isa = PBXFileReference; lastKnownFileType = file.storyboard; name = Base; path = Base.lproj/Main.storyboard; sourceTree = "<group>"; };
		98E9B9C51B31C0F000366D58 /* Images.xcassets */ = {isa = PBXFileReference; lastKnownFileType = folder.assetcatalog; path = Images.xcassets; sourceTree = "<group>"; };
		98E9B9C81B31C0F000366D58 /* Base */ = {isa = PBXFileReference; lastKnownFileType = file.xib; name = Base; path = Base.lproj/LaunchScreen.xib; sourceTree = "<group>"; };
		98E9B9CE1B31C0F000366D58 /* BirdTests.xctest */ = {isa = PBXFileReference; explicitFileType = wrapper.cfbundle; includeInIndex = 0; path = BirdTests.xctest; sourceTree = BUILT_PRODUCTS_DIR; };
		98E9B9D31B31C0F000366D58 /* Info.plist */ = {isa = PBXFileReference; lastKnownFileType = text.plist.xml; path = Info.plist; sourceTree = "<group>"; };
		98E9B9D41B31C0F000366D58 /* BirdTests.m */ = {isa = PBXFileReference; lastKnownFileType = sourcecode.c.objc; path = BirdTests.m; sourceTree = "<group>"; };
/* End PBXFileReference section */

/* Begin PBXFrameworksBuildPhase section */
		98E9B9B21B31C0F000366D58 /* Frameworks */ = {
			isa = PBXFrameworksBuildPhase;
			buildActionMask = 2147483647;
			files = (
			);
			runOnlyForDeploymentPostprocessing = 0;
		};
		98E9B9CB1B31C0F000366D58 /* Frameworks */ = {
			isa = PBXFrameworksBuildPhase;
			buildActionMask = 2147483647;
			files = (
			);
			runOnlyForDeploymentPostprocessing = 0;
		};
/* End PBXFrameworksBuildPhase section */

/* Begin PBXGroup section */
		98E9B9AC1B31C0EF00366D58 = {
			isa = PBXGroup;
			children = (
				98E9B9B71B31C0F000366D58 /* Bird */,
				98E9B9D11B31C0F000366D58 /* BirdTests */,
				98E9B9B61B31C0F000366D58 /* Products */,
			);
			sourceTree = "<group>";
		};
		98E9B9B61B31C0F000366D58 /* Products */ = {
			isa = PBXGroup;
			children = (
				98E9B9B51B31C0F000366D58 /* Bird.app */,
				98E9B9CE1B31C0F000366D58 /* BirdTests.xctest */,
			);
			name = Products;
			sourceTree = "<group>";
		};
		98E9B9B71B31C0F000366D58 /* Bird */ = {
			isa = PBXGroup;
			children = (
				98E9B9BC1B31C0F000366D58 /* AppDelegate.h */,
				98E9B9BD1B31C0F000366D58 /* AppDelegate.m */,
				98E9B9BF1B31C0F000366D58 /* HomeViewController.h */,
				98E9B9C01B31C0F000366D58 /* HomeViewController.m */,
				98E9B9C21B31C0F000366D58 /* Main.storyboard */,
				98E9B9C51B31C0F000366D58 /* Images.xcassets */,
				98E9B9C71B31C0F000366D58 /* LaunchScreen.xib */,
				98E9B9B81B31C0F000366D58 /* Supporting Files */,
			);
			path = Bird;
			sourceTree = "<group>";
		};
		98E9B9B81B31C0F000366D58 /* Supporting Files */ = {
			isa = PBXGroup;
			children = (
				98E9B9B91B31C0F000366D58 /* Info.plist */,
				98E9B9BA1B31C0F000366D58 /* main.m */,
			);
			name = "Supporting Files";
			sourceTree = "<group>";
		};
		98E9B9D11B31C0F000366D58 /* BirdTests */ = {
			isa = PBXGroup;
			children = (
				98E9B9D41B31C0F000366D58 /* BirdTests.m */,
				98E9B9D21B31C0F000366D58 /* Supporting Files */,
			);
			path = BirdTests;
			sourceTree = "<group>";
		};
		98E9B9D21B31C0F000366D58 /* Supporting Files */ = {
			isa = PBXGroup;
			children = (
				98E9B9D31B31C0F000366D58 /* Info.plist */,
			);
			name = "Supporting Files";
			sourceTree = "<group>";
		};
/* End PBXGroup section */

/* Begin PBXNativeTarget section */
		98E9B9B41B31C0F000366D58 /* Bird */ = {
			isa = PBXNativeTarget;
			buildConfigurationList = 98E9B9D81B31C0F000366D58 /* Build configuration list for PBXNativeTarget "Bird" */;
			buildPhases = (
				98E9B9B11B31C0F000366D58 /* Sources */,
				98E9B9B21B31C0F000366D58 /* Frameworks */,
				98E9B9B31B31C0F000366D58 /* Resources */,
			);
			buildRules = (
			);
			dependencies = (
			);
			name = Bird;
			productName = Bird;
			productReference = 98E9B9B51B31C0F000366D58 /* Bird.app */;
			productType = "com.apple.product-type.application";
		};
		98E9B9CD1B31C0F000366D58 /* BirdTests */ = {
			isa = PBXNativeTarget;
			buildConfigurationList = 98E9B9DB1B31C0F000366D58 /* Build configuration list for PBXNativeTarget "BirdTests" */;
			buildPhases = (
				98E9B9CA1B31C0F000366D58 /* Sources */,
				98E9B9CB1B31C0F000366D58 /* Frameworks */,
				98E9B9CC1B31C0F000366D58 /* Resources */,
			);
			buildRules = (
			);
			dependencies = (
				98E9B9D01B31C0F000366D58 /* PBXTargetDependency */,
			);
			name = BirdTests;
			productName = BirdTests;
			productReference = 98E9B9CE1B31C0F000366D58 /* BirdTests.xctest */;
			productType = "com.apple.product-type.bundle.unit-test";
		};
/* End PBXNativeTarget section */

/* Begin PBXProject section */
		98E9B9AD1B31C0F000366D58 /* Project object */ = {
			isa = PBXProject;
			attributes = {
				LastUpgradeCheck = 0610;
				ORGANIZATIONNAME = "孙永刚";
				TargetAttributes = {
					98E9B9B41B31C0F000366D58 = {
						CreatedOnToolsVersion = 6.1.1;
						DevelopmentTeam = U7E7529TA5;
					};
					98E9B9CD1B31C0F000366D58 = {
						CreatedOnToolsVersion = 6.1.1;
						TestTargetID = 98E9B9B41B31C0F000366D58;
					};
				};
			};
			buildConfigurationList = 98E9B9B01B31C0F000366D58 /* Build configuration list for PBXProject "Bird" */;
			compatibilityVersion = "Xcode 3.2";
			developmentRegion = English;
			hasScannedForEncodings = 0;
			knownRegions = (
				en,
				Base,
			);
			mainGroup = 98E9B9AC1B31C0EF00366D58;
			productRefGroup = 98E9B9B61B31C0F000366D58 /* Products */;
			projectDirPath = "";
			projectRoot = "";
			targets = (
				98E9B9B41B31C0F000366D58 /* Bird */,
				98E9B9CD1B31C0F000366D58 /* BirdTests */,
			);
		};
/* End PBXProject section */

/* Begin PBXResourcesBuildPhase section */
		98E9B9B31B31C0F000366D58 /* Resources */ = {
			isa = PBXResourcesBuildPhase;
			buildActionMask = 2147483647;
			files = (
				98E9B9C41B31C0F000366D58 /* Main.storyboard in Resources */,
				98E9B9C91B31C0F000366D58 /* LaunchScreen.xib in Resources */,
				98E9B9C61B31C0F000366D58 /* Images.xcassets in Resources */,
			);
			runOnlyForDeploymentPostprocessing = 0;
		};
		98E9B9CC1B31C0F000366D58 /* Resources */ = {
			isa = PBXResourcesBuildPhase;
			buildActionMask = 2147483647;
			files = (
			);
			runOnlyForDeploymentPostprocessing = 0;
		};
/* End PBXResourcesBuildPhase section */

/* Begin PBXSourcesBuildPhase section */
		98E9B9B11B31C0F000366D58 /* Sources */ = {
			isa = PBXSourcesBuildPhase;
			buildActionMask = 2147483647;
			files = (
				98E9B9C11B31C0F000366D58 /* HomeViewController.m in Sources */,
				98E9B9BE1B31C0F000366D58 /* AppDelegate.m in Sources */,
				98E9B9BB1B31C0F000366D58 /* main.m in Sources */,
			);
			runOnlyForDeploymentPostprocessing = 0;
		};
		98E9B9CA1B31C0F000366D58 /* Sources */ = {
			isa = PBXSourcesBuildPhase;
			buildActionMask = 2147483647;
			files = (
				98E9B9D51B31C0F000366D58 /* BirdTests.m in Sources */,
			);
			runOnlyForDeploymentPostprocessing = 0;
		};
/* End PBXSourcesBuildPhase section */

/* Begin PBXTargetDependency section */
		98E9B9D01B31C0F000366D58 /* PBXTargetDependency */ = {
			isa = PBXTargetDependency;
			target = 98E9B9B41B31C0F000366D58 /* Bird */;
			targetProxy = 98E9B9CF1B31C0F000366D58 /* PBXContainerItemProxy */;
		};
/* End PBXTargetDependency section */

/* Begin PBXVariantGroup section */
		98E9B9C21B31C0F000366D58 /* Main.storyboard */ = {
			isa = PBXVariantGroup;
			children = (
				98E9B9C31B31C0F000366D58 /* Base */,
			);
			name = Main.storyboard;
			sourceTree = "<group>";
		};
		98E9B9C71B31C0F000366D58 /* LaunchScreen.xib */ = {
			isa = PBXVariantGroup;
			children = (
				98E9B9C81B31C0F000366D58 /* Base */,
			);
			name = LaunchScreen.xib;
			sourceTree = "<group>";
		};
/* End PBXVariantGroup section */

/* Begin XCBuildConfiguration section */
		98E9B9D61B31C0F000366D58 /* Debug */ = {
			isa = XCBuildConfiguration;
			buildSettings = {
				ALWAYS_SEARCH_USER_PATHS = NO;
				CLANG_CXX_LANGUAGE_STANDARD = "gnu++0x";
				CLANG_CXX_LIBRARY = "libc++";
				CLANG_ENABLE_MODULES = YES;
				CLANG_ENABLE_OBJC_ARC = YES;
				CLANG_WARN_BOOL_CONVERSION = YES;
				CLANG_WARN_CONSTANT_CONVERSION = YES;
				CLANG_WARN_DIRECT_OBJC_ISA_USAGE = YES_ERROR;
				CLANG_WARN_EMPTY_BODY = YES;
				CLANG_WARN_ENUM_CONVERSION = YES;
				CLANG_WARN_INT_CONVERSION = YES;
				CLANG_WARN_OBJC_ROOT_CLASS = YES_ERROR;
				CLANG_WARN_UNREACHABLE_CODE = YES;
				CLANG_WARN__DUPLICATE_METHOD_MATCH = YES;
				"CODE_SIGN_IDENTITY[sdk=iphoneos*]" = "iPhone Developer";
				COPY_PHASE_STRIP = NO;
				ENABLE_STRICT_OBJC_MSGSEND = YES;
				GCC_C_LANGUAGE_STANDARD = gnu99;
				GCC_DYNAMIC_NO_PIC = NO;
				GCC_OPTIMIZATION_LEVEL = 0;
				GCC_PREPROCESSOR_DEFINITIONS = (
					"DEBUG=1",
					"$(inherited)",
				);
				GCC_SYMBOLS_PRIVATE_EXTERN = NO;
				GCC_WARN_64_TO_32_BIT_CONVERSION = YES;
				GCC_WARN_ABOUT_RETURN_TYPE = YES_ERROR;
				GCC_WARN_UNDECLARED_SELECTOR = YES;
				GCC_WARN_UNINITIALIZED_AUTOS = YES_AGGRESSIVE;
				GCC_WARN_UNUSED_FUNCTION = YES;
				GCC_WARN_UNUSED_VARIABLE = YES;
				IPHONEOS_DEPLOYMENT_TARGET = 8.1;
				MTL_ENABLE_DEBUG_INFO = YES;
				ONLY_ACTIVE_ARCH = YES;
				SDKROOT = iphoneos;
			};
			name = Debug;
		};
		98E9B9D71B31C0F000366D58 /* Release */ = {
			isa = XCBuildConfiguration;
			buildSettings = {
				ALWAYS_SEARCH_USER_PATHS = NO;
				CLANG_CXX_LANGUAGE_STANDARD = "gnu++0x";
				CLANG_CXX_LIBRARY = "libc++";
				CLANG_ENABLE_MODULES = YES;
				CLANG_ENABLE_OBJC_ARC = YES;
				CLANG_WARN_BOOL_CONVERSION = YES;
				CLANG_WARN_CONSTANT_CONVERSION = YES;
				CLANG_WARN_DIRECT_OBJC_ISA_USAGE = YES_ERROR;
				CLANG_WARN_EMPTY_BODY = YES;
				CLANG_WARN_ENUM_CONVERSION = YES;
				CLANG_WARN_INT_CONVERSION = YES;
				CLANG_WARN_OBJC_ROOT_CLASS = YES_ERROR;
				CLANG_WARN_UNREACHABLE_CODE = YES;
				CLANG_WARN__DUPLICATE_METHOD_MATCH = YES;
				"CODE_SIGN_IDENTITY[sdk=iphoneos*]" = "iPhone Developer";
				COPY_PHASE_STRIP = YES;
				ENABLE_NS_ASSERTIONS = NO;
				ENABLE_STRICT_OBJC_MSGSEND = YES;
				GCC_C_LANGUAGE_STANDARD = gnu99;
				GCC_WARN_64_TO_32_BIT_CONVERSION = YES;
				GCC_WARN_ABOUT_RETURN_TYPE = YES_ERROR;
				GCC_WARN_UNDECLARED_SELECTOR = YES;
				GCC_WARN_UNINITIALIZED_AUTOS = YES_AGGRESSIVE;
				GCC_WARN_UNUSED_FUNCTION = YES;
				GCC_WARN_UNUSED_VARIABLE = YES;
				IPHONEOS_DEPLOYMENT_TARGET = 8.1;
				MTL_ENABLE_DEBUG_INFO = NO;
				SDKROOT = iphoneos;
				VALIDATE_PRODUCT = YES;
			};
			name = Release;
		};
		98E9B9D91B31C0F000366D58 /* Debug */ = {
			isa = XCBuildConfiguration;
			buildSettings = {
				ASSETCATALOG_COMPILER_APPICON_NAME = AppIcon;
				CODE_SIGN_IDENTITY = "iPhone Developer";
				"CODE_SIGN_IDENTITY[sdk=iphoneos*]" = "";
				INFOPLIST_FILE = Bird/Info.plist;
				IPHONEOS_DEPLOYMENT_TARGET = 7.0;
				LD_RUNPATH_SEARCH_PATHS = "$(inherited) @executable_path/Frameworks";
				PRODUCT_NAME = "$(TARGET_NAME)";
				PROVISIONING_PROFILE = "6cfd6799-b8ef-428a-9a5c-93344ab9eacd";
			};
			name = Debug;
		};
		98E9B9DA1B31C0F000366D58 /* Release */ = {
			isa = XCBuildConfiguration;
			buildSettings = {
				ASSETCATALOG_COMPILER_APPICON_NAME = AppIcon;
				CODE_SIGN_IDENTITY = "iPhone Developer";
				"CODE_SIGN_IDENTITY[sdk=iphoneos*]" = "";
				INFOPLIST_FILE = Bird/Info.plist;
				IPHONEOS_DEPLOYMENT_TARGET = 7.0;
				LD_RUNPATH_SEARCH_PATHS = "$(inherited) @executable_path/Frameworks";
				PRODUCT_NAME = "$(TARGET_NAME)";
				PROVISIONING_PROFILE = "6cfd6799-b8ef-428a-9a5c-93344ab9eacd";
			};
			name = Release;
		};
		98E9B9DC1B31C0F000366D58 /* Debug */ = {
			isa = XCBuildConfiguration;
			buildSettings = {
				BUNDLE_LOADER = "$(TEST_HOST)";
				FRAMEWORK_SEARCH_PATHS = (
					"$(SDKROOT)/Developer/Library/Frameworks",
					"$(inherited)",
				);
				GCC_PREPROCESSOR_DEFINITIONS = (
					"DEBUG=1",
					"$(inherited)",
				);
				INFOPLIST_FILE = BirdTests/Info.plist;
				LD_RUNPATH_SEARCH_PATHS = "$(inherited) @executable_path/Frameworks @loader_path/Frameworks";
				PRODUCT_NAME = "$(TARGET_NAME)";
				TEST_HOST = "$(BUILT_PRODUCTS_DIR)/Bird.app/Bird";
			};
			name = Debug;
		};
		98E9B9DD1B31C0F000366D58 /* Release */ = {
			isa = XCBuildConfiguration;
			buildSettings = {
				BUNDLE_LOADER = "$(TEST_HOST)";
				FRAMEWORK_SEARCH_PATHS = (
					"$(SDKROOT)/Developer/Library/Frameworks",
					"$(inherited)",
				);
				INFOPLIST_FILE = BirdTests/Info.plist;
				LD_RUNPATH_SEARCH_PATHS = "$(inherited) @executable_path/Frameworks @loader_path/Frameworks";
				PRODUCT_NAME = "$(TARGET_NAME)";
				TEST_HOST = "$(BUILT_PRODUCTS_DIR)/Bird.app/Bird";
			};
			name = Release;
		};
/* End XCBuildConfiguration section */

/* Begin XCConfigurationList section */
		98E9B9B01B31C0F000366D58 /* Build configuration list for PBXProject "Bird" */ = {
			isa = XCConfigurationList;
			buildConfigurations = (
				98E9B9D61B31C0F000366D58 /* Debug */,
				98E9B9D71B31C0F000366D58 /* Release */,
			);
			defaultConfigurationIsVisible = 0;
			defaultConfigurationName = Release;
		};
		98E9B9D81B31C0F000366D58 /* Build configuration list for PBXNativeTarget "Bird" */ = {
			isa = XCConfigurationList;
			buildConfigurations = (
				98E9B9D91B31C0F000366D58 /* Debug */,
				98E9B9DA1B31C0F000366D58 /* Release */,
			);
			defaultConfigurationIsVisible = 0;
		};
		98E9B9DB1B31C0F000366D58 /* Build configuration list for PBXNativeTarget "BirdTests" */ = {
			isa = XCConfigurationList;
			buildConfigurations = (
				98E9B9DC1B31C0F000366D58 /* Debug */,
				98E9B9DD1B31C0F000366D58 /* Release */,
			);
			defaultConfigurationIsVisible = 0;
		};
/* End XCConfigurationList section */
	};
	rootObject = 98E9B9AD1B31C0F000366D58 /* Project object */;
}
